
Microsoft Visual Studio Solution File, Format Version 12.00
# Visual Studio Version 17
VisualStudioVersion = 17.4.33205.214
MinimumVisualStudioVersion = 10.0.40219.1
Project("{2150E333-8FDC-42A3-9474-1A3956D46DE8}") = "Services", "Services", "{7C929803-E98E-4134-9DCF-CD085E401F5D}"
EndProject
Project("{2150E333-8FDC-42A3-9474-1A3956D46DE8}") = "Catalog", "Catalog", "{D4FA4C11-4362-48AE-A007-55844BC93B1C}"
EndProject
Project("{2150E333-8FDC-42A3-9474-1A3956D46DE8}") = "Shared", "Shared", "{F1055222-ABEF-4ADA-9874-0428FAA847EB}"
EndProject
Project("{2150E333-8FDC-42A3-9474-1A3956D46DE8}") = "Solution Items", "Solution Items", "{A658F893-8E46-4360-AA9C-313518B2B4E3}"
	ProjectSection(SolutionItems) = preProject
		Ports.txt = Ports.txt
	EndProjectSection
EndProject
Project("{9A19103F-16F7-4668-BE54-9A1E7A4F7556}") = "CatalogService.API", "Services\Catalog\CatalogService.API\CatalogService.API.csproj", "{D21B37B5-EED7-4492-A4CB-419DABDEFF93}"
EndProject
Project("{9A19103F-16F7-4668-BE54-9A1E7A4F7556}") = "CatalogService.Application", "Services\Catalog\CatalogService.Application\CatalogService.Application.csproj", "{BF92EC1B-F401-472A-A6FA-FDEAB3F856CA}"
EndProject
Project("{9A19103F-16F7-4668-BE54-9A1E7A4F7556}") = "CatalogService.Domain", "Services\Catalog\CatalogService.Domain\CatalogService.Domain.csproj", "{6F51F9DD-6CB5-4EE2-A5C2-325091F551BF}"
EndProject
Project("{9A19103F-16F7-4668-BE54-9A1E7A4F7556}") = "CatalogService.Infrastructure", "Services\Catalog\CatalogService.Infrastructure\CatalogService.Infrastructure.csproj", "{AAE8D9FE-A5DB-4032-83E6-950192A8CA1F}"
EndProject
Project("{9A19103F-16F7-4668-BE54-9A1E7A4F7556}") = "WatchStore.Shared", "Shared\WatchStore.Shared\WatchStore.Shared.csproj", "{C7397890-AD97-484A-B572-D81B234947B4}"
EndProject
Project("{2150E333-8FDC-42A3-9474-1A3956D46DE8}") = "IdentityServer", "IdentityServer", "{1DF302A9-049C-4E68-B101-1A07937655A9}"
EndProject
Project("{9A19103F-16F7-4668-BE54-9A1E7A4F7556}") = "WacthStore.IdentityServer", "IdentityServer\WacthStore.IdentityServer\WacthStore.IdentityServer.csproj", "{A81EC6FF-421A-4BD2-989E-1E2CED4943F9}"
EndProject
Project("{2150E333-8FDC-42A3-9474-1A3956D46DE8}") = "PhotoStock", "PhotoStock", "{581A750D-A1BC-4F8A-B640-2CDBB8EE0DD1}"
EndProject
Project("{9A19103F-16F7-4668-BE54-9A1E7A4F7556}") = "PhotoStockService.API", "Services\PhotoStock\PhotoStockService.API\PhotoStockService.API.csproj", "{CBAFB389-0DE4-40F7-812E-2C71006FCE8B}"
EndProject
Project("{2150E333-8FDC-42A3-9474-1A3956D46DE8}") = "Basket", "Basket", "{01688B79-4872-48E1-8828-BB01724EACAF}"
EndProject
Project("{9A19103F-16F7-4668-BE54-9A1E7A4F7556}") = "BasketService.API", "Services\Basket\BasketService.API\BasketService.API.csproj", "{56D08C9F-6977-46A7-9E46-5B3F86C04087}"
EndProject
Project("{2150E333-8FDC-42A3-9474-1A3956D46DE8}") = "Discount", "Discount", "{8313E563-5016-4493-85E2-C11A1AA7D0F6}"
EndProject
Project("{9A19103F-16F7-4668-BE54-9A1E7A4F7556}") = "DiscountService.API", "Services\Discount\DiscountService.API\DiscountService.API.csproj", "{2116DF72-626D-4A58-8997-20E58070B5A4}"
EndProject
Project("{2150E333-8FDC-42A3-9474-1A3956D46DE8}") = "Order", "Order", "{E9D98A9A-3AD3-4A8B-A62F-759BE678CF3E}"
EndProject
Project("{FAE04EC0-301F-11D3-BF4B-00C04F79EFBC}") = "OrderService.Application", "Services\Order\OrderService.Application\OrderService.Application.csproj", "{D9F0B6D5-9422-49A5-BE4F-0A7050705FB3}"
EndProject
Project("{FAE04EC0-301F-11D3-BF4B-00C04F79EFBC}") = "OrderService.API", "Services\Order\OrderService.API\OrderService.API.csproj", "{B95FCB3B-5D23-4EE3-A186-EAD5B4BCF6B2}"
EndProject
Project("{FAE04EC0-301F-11D3-BF4B-00C04F79EFBC}") = "OrderService.Domain", "Services\Order\OrderService.Domain\OrderService.Domain.csproj", "{74CE6A4B-E140-4504-BCC1-154496FF667A}"
EndProject
Project("{FAE04EC0-301F-11D3-BF4B-00C04F79EFBC}") = "OrderService.Domain.Core", "Services\Order\OrderService.Domain.Core\OrderService.Domain.Core.csproj", "{B2894C44-CA79-487B-8446-DFFABF861401}"
EndProject
Project("{FAE04EC0-301F-11D3-BF4B-00C04F79EFBC}") = "OrderService.Infrastructure", "Services\Order\OrderService.Infrastructure\OrderService.Infrastructure.csproj", "{D3758E56-85E0-4F23-BCFE-94DE8A1859F5}"
EndProject
Global
	GlobalSection(SolutionConfigurationPlatforms) = preSolution
		Debug|Any CPU = Debug|Any CPU
		Release|Any CPU = Release|Any CPU
	EndGlobalSection
	GlobalSection(ProjectConfigurationPlatforms) = postSolution
		{D21B37B5-EED7-4492-A4CB-419DABDEFF93}.Debug|Any CPU.ActiveCfg = Debug|Any CPU
		{D21B37B5-EED7-4492-A4CB-419DABDEFF93}.Debug|Any CPU.Build.0 = Debug|Any CPU
		{D21B37B5-EED7-4492-A4CB-419DABDEFF93}.Release|Any CPU.ActiveCfg = Release|Any CPU
		{D21B37B5-EED7-4492-A4CB-419DABDEFF93}.Release|Any CPU.Build.0 = Release|Any CPU
		{BF92EC1B-F401-472A-A6FA-FDEAB3F856CA}.Debug|Any CPU.ActiveCfg = Debug|Any CPU
		{BF92EC1B-F401-472A-A6FA-FDEAB3F856CA}.Debug|Any CPU.Build.0 = Debug|Any CPU
		{BF92EC1B-F401-472A-A6FA-FDEAB3F856CA}.Release|Any CPU.ActiveCfg = Release|Any CPU
		{BF92EC1B-F401-472A-A6FA-FDEAB3F856CA}.Release|Any CPU.Build.0 = Release|Any CPU
		{6F51F9DD-6CB5-4EE2-A5C2-325091F551BF}.Debug|Any CPU.ActiveCfg = Debug|Any CPU
		{6F51F9DD-6CB5-4EE2-A5C2-325091F551BF}.Debug|Any CPU.Build.0 = Debug|Any CPU
		{6F51F9DD-6CB5-4EE2-A5C2-325091F551BF}.Release|Any CPU.ActiveCfg = Release|Any CPU
		{6F51F9DD-6CB5-4EE2-A5C2-325091F551BF}.Release|Any CPU.Build.0 = Release|Any CPU
		{AAE8D9FE-A5DB-4032-83E6-950192A8CA1F}.Debug|Any CPU.ActiveCfg = Debug|Any CPU
		{AAE8D9FE-A5DB-4032-83E6-950192A8CA1F}.Debug|Any CPU.Build.0 = Debug|Any CPU
		{AAE8D9FE-A5DB-4032-83E6-950192A8CA1F}.Release|Any CPU.ActiveCfg = Release|Any CPU
		{AAE8D9FE-A5DB-4032-83E6-950192A8CA1F}.Release|Any CPU.Build.0 = Release|Any CPU
		{C7397890-AD97-484A-B572-D81B234947B4}.Debug|Any CPU.ActiveCfg = Debug|Any CPU
		{C7397890-AD97-484A-B572-D81B234947B4}.Debug|Any CPU.Build.0 = Debug|Any CPU
		{C7397890-AD97-484A-B572-D81B234947B4}.Release|Any CPU.ActiveCfg = Release|Any CPU
		{C7397890-AD97-484A-B572-D81B234947B4}.Release|Any CPU.Build.0 = Release|Any CPU
		{A81EC6FF-421A-4BD2-989E-1E2CED4943F9}.Debug|Any CPU.ActiveCfg = Debug|Any CPU
		{A81EC6FF-421A-4BD2-989E-1E2CED4943F9}.Debug|Any CPU.Build.0 = Debug|Any CPU
		{A81EC6FF-421A-4BD2-989E-1E2CED4943F9}.Release|Any CPU.ActiveCfg = Release|Any CPU
		{A81EC6FF-421A-4BD2-989E-1E2CED4943F9}.Release|Any CPU.Build.0 = Release|Any CPU
		{CBAFB389-0DE4-40F7-812E-2C71006FCE8B}.Debug|Any CPU.ActiveCfg = Debug|Any CPU
		{CBAFB389-0DE4-40F7-812E-2C71006FCE8B}.Debug|Any CPU.Build.0 = Debug|Any CPU
		{CBAFB389-0DE4-40F7-812E-2C71006FCE8B}.Release|Any CPU.ActiveCfg = Release|Any CPU
		{CBAFB389-0DE4-40F7-812E-2C71006FCE8B}.Release|Any CPU.Build.0 = Release|Any CPU
		{56D08C9F-6977-46A7-9E46-5B3F86C04087}.Debug|Any CPU.ActiveCfg = Debug|Any CPU
		{56D08C9F-6977-46A7-9E46-5B3F86C04087}.Debug|Any CPU.Build.0 = Debug|Any CPU
		{56D08C9F-6977-46A7-9E46-5B3F86C04087}.Release|Any CPU.ActiveCfg = Release|Any CPU
		{56D08C9F-6977-46A7-9E46-5B3F86C04087}.Release|Any CPU.Build.0 = Release|Any CPU
		{2116DF72-626D-4A58-8997-20E58070B5A4}.Debug|Any CPU.ActiveCfg = Debug|Any CPU
		{2116DF72-626D-4A58-8997-20E58070B5A4}.Debug|Any CPU.Build.0 = Debug|Any CPU
		{2116DF72-626D-4A58-8997-20E58070B5A4}.Release|Any CPU.ActiveCfg = Release|Any CPU
		{2116DF72-626D-4A58-8997-20E58070B5A4}.Release|Any CPU.Build.0 = Release|Any CPU
		{D9F0B6D5-9422-49A5-BE4F-0A7050705FB3}.Debug|Any CPU.ActiveCfg = Debug|Any CPU
		{D9F0B6D5-9422-49A5-BE4F-0A7050705FB3}.Debug|Any CPU.Build.0 = Debug|Any CPU
		{D9F0B6D5-9422-49A5-BE4F-0A7050705FB3}.Release|Any CPU.ActiveCfg = Release|Any CPU
		{D9F0B6D5-9422-49A5-BE4F-0A7050705FB3}.Release|Any CPU.Build.0 = Release|Any CPU
		{B95FCB3B-5D23-4EE3-A186-EAD5B4BCF6B2}.Debug|Any CPU.ActiveCfg = Debug|Any CPU
		{B95FCB3B-5D23-4EE3-A186-EAD5B4BCF6B2}.Debug|Any CPU.Build.0 = Debug|Any CPU
		{B95FCB3B-5D23-4EE3-A186-EAD5B4BCF6B2}.Release|Any CPU.ActiveCfg = Release|Any CPU
		{B95FCB3B-5D23-4EE3-A186-EAD5B4BCF6B2}.Release|Any CPU.Build.0 = Release|Any CPU
		{74CE6A4B-E140-4504-BCC1-154496FF667A}.Debug|Any CPU.ActiveCfg = Debug|Any CPU
		{74CE6A4B-E140-4504-BCC1-154496FF667A}.Debug|Any CPU.Build.0 = Debug|Any CPU
		{74CE6A4B-E140-4504-BCC1-154496FF667A}.Release|Any CPU.ActiveCfg = Release|Any CPU
		{74CE6A4B-E140-4504-BCC1-154496FF667A}.Release|Any CPU.Build.0 = Release|Any CPU
		{B2894C44-CA79-487B-8446-DFFABF861401}.Debug|Any CPU.ActiveCfg = Debug|Any CPU
		{B2894C44-CA79-487B-8446-DFFABF861401}.Debug|Any CPU.Build.0 = Debug|Any CPU
		{B2894C44-CA79-487B-8446-DFFABF861401}.Release|Any CPU.ActiveCfg = Release|Any CPU
		{B2894C44-CA79-487B-8446-DFFABF861401}.Release|Any CPU.Build.0 = Release|Any CPU
		{D3758E56-85E0-4F23-BCFE-94DE8A1859F5}.Debug|Any CPU.ActiveCfg = Debug|Any CPU
		{D3758E56-85E0-4F23-BCFE-94DE8A1859F5}.Debug|Any CPU.Build.0 = Debug|Any CPU
		{D3758E56-85E0-4F23-BCFE-94DE8A1859F5}.Release|Any CPU.ActiveCfg = Release|Any CPU
		{D3758E56-85E0-4F23-BCFE-94DE8A1859F5}.Release|Any CPU.Build.0 = Release|Any CPU
	EndGlobalSection
	GlobalSection(SolutionProperties) = preSolution
		HideSolutionNode = FALSE
	EndGlobalSection
	GlobalSection(NestedProjects) = preSolution
		{D4FA4C11-4362-48AE-A007-55844BC93B1C} = {7C929803-E98E-4134-9DCF-CD085E401F5D}
		{D21B37B5-EED7-4492-A4CB-419DABDEFF93} = {D4FA4C11-4362-48AE-A007-55844BC93B1C}
		{BF92EC1B-F401-472A-A6FA-FDEAB3F856CA} = {D4FA4C11-4362-48AE-A007-55844BC93B1C}
		{6F51F9DD-6CB5-4EE2-A5C2-325091F551BF} = {D4FA4C11-4362-48AE-A007-55844BC93B1C}
		{AAE8D9FE-A5DB-4032-83E6-950192A8CA1F} = {D4FA4C11-4362-48AE-A007-55844BC93B1C}
		{C7397890-AD97-484A-B572-D81B234947B4} = {F1055222-ABEF-4ADA-9874-0428FAA847EB}
		{A81EC6FF-421A-4BD2-989E-1E2CED4943F9} = {1DF302A9-049C-4E68-B101-1A07937655A9}
		{581A750D-A1BC-4F8A-B640-2CDBB8EE0DD1} = {7C929803-E98E-4134-9DCF-CD085E401F5D}
		{CBAFB389-0DE4-40F7-812E-2C71006FCE8B} = {581A750D-A1BC-4F8A-B640-2CDBB8EE0DD1}
		{01688B79-4872-48E1-8828-BB01724EACAF} = {7C929803-E98E-4134-9DCF-CD085E401F5D}
		{56D08C9F-6977-46A7-9E46-5B3F86C04087} = {01688B79-4872-48E1-8828-BB01724EACAF}
		{8313E563-5016-4493-85E2-C11A1AA7D0F6} = {7C929803-E98E-4134-9DCF-CD085E401F5D}
		{2116DF72-626D-4A58-8997-20E58070B5A4} = {8313E563-5016-4493-85E2-C11A1AA7D0F6}
		{E9D98A9A-3AD3-4A8B-A62F-759BE678CF3E} = {7C929803-E98E-4134-9DCF-CD085E401F5D}
		{D9F0B6D5-9422-49A5-BE4F-0A7050705FB3} = {E9D98A9A-3AD3-4A8B-A62F-759BE678CF3E}
		{B95FCB3B-5D23-4EE3-A186-EAD5B4BCF6B2} = {E9D98A9A-3AD3-4A8B-A62F-759BE678CF3E}
		{74CE6A4B-E140-4504-BCC1-154496FF667A} = {E9D98A9A-3AD3-4A8B-A62F-759BE678CF3E}
		{B2894C44-CA79-487B-8446-DFFABF861401} = {E9D98A9A-3AD3-4A8B-A62F-759BE678CF3E}
		{D3758E56-85E0-4F23-BCFE-94DE8A1859F5} = {E9D98A9A-3AD3-4A8B-A62F-759BE678CF3E}
	EndGlobalSection
	GlobalSection(ExtensibilityGlobals) = postSolution
		SolutionGuid = {C9C73C79-426D-41B8-976B-9436A537680F}
	EndGlobalSection
EndGlobal
